
Microsoft Visual Studio Solution File, Format Version 12.00
# Visual Studio 15
VisualStudioVersion = 15.0.28307.705
MinimumVisualStudioVersion = 10.0.40219.1
Project("{FAE04EC0-301F-11D3-BF4B-00C04F79EFBC}") = "Libreria_Calcolo", "Libreria_Calcolo\Libreria_Calcolo.csproj", "{D76E0DC3-7B12-404D-90AE-19C462B882BC}"
EndProject
Project("{FAE04EC0-301F-11D3-BF4B-00C04F79EFBC}") = "Calcolo", "Calcolo\Calcolo.csproj", "{D2F4091D-84F6-46B4-A74F-39EF5D88BAAB}"
	ProjectSection(ProjectDependencies) = postProject
		{D76E0DC3-7B12-404D-90AE-19C462B882BC} = {D76E0DC3-7B12-404D-90AE-19C462B882BC}
	EndProjectSection
EndProject
Global
	GlobalSection(SolutionConfigurationPlatforms) = preSolution
		Debug|Any CPU = Debug|Any CPU
		Release|Any CPU = Release|Any CPU
	EndGlobalSection
	GlobalSection(ProjectConfigurationPlatforms) = postSolution
		{D76E0DC3-7B12-404D-90AE-19C462B882BC}.Debug|Any CPU.ActiveCfg = Debug|Any CPU
		{D76E0DC3-7B12-404D-90AE-19C462B882BC}.Debug|Any CPU.Build.0 = Debug|Any CPU
		{D76E0DC3-7B12-404D-90AE-19C462B882BC}.Release|Any CPU.ActiveCfg = Release|Any CPU
		{D76E0DC3-7B12-404D-90AE-19C462B882BC}.Release|Any CPU.Build.0 = Release|Any CPU
		{D2F4091D-84F6-46B4-A74F-39EF5D88BAAB}.Debug|Any CPU.ActiveCfg = Debug|Any CPU
		{D2F4091D-84F6-46B4-A74F-39EF5D88BAAB}.Debug|Any CPU.Build.0 = Debug|Any CPU
		{D2F4091D-84F6-46B4-A74F-39EF5D88BAAB}.Release|Any CPU.ActiveCfg = Release|Any CPU
		{D2F4091D-84F6-46B4-A74F-39EF5D88BAAB}.Release|Any CPU.Build.0 = Release|Any CPU
	EndGlobalSection
	GlobalSection(SolutionProperties) = preSolution
		HideSolutionNode = FALSE
	EndGlobalSection
	GlobalSection(ExtensibilityGlobals) = postSolution
		SolutionGuid = {83286C2A-52DA-4BDA-8343-03F885FB19AA}
	EndGlobalSection
EndGlobal
